
Microsoft Visual Studio Solution File, Format Version 9.00
# Visual Studio 2005
Project("{8BC9CEB8-8B4A-11D0-8D11-00A0C91BC942}") = "G722Enctest", "G722Enctest.vcproj", "{CFA0CF40-71F3-4852-AE6B-7C704F67DE09}"
	ProjectSection(ProjectDependencies) = postProject
		{580816EA-5F5D-482B-AA74-BC4B7C54D94B} = {580816EA-5F5D-482B-AA74-BC4B7C54D94B}
	EndProjectSection
EndProject
Project("{8BC9CEB8-8B4A-11D0-8D11-00A0C91BC942}") = "G722Enclib", "..\G722Enclib\G722Enclib.vcproj", "{580816EA-5F5D-482B-AA74-BC4B7C54D94B}"
EndProject
Project("{8BC9CEB8-8B4A-11D0-8D11-00A0C91BC942}") = "G722Encdll", "..\G722Encdll\G722Encdll.vcproj", "{06B8B6C6-9104-414D-A3CD-A8C9E62E5244}"
	ProjectSection(ProjectDependencies) = postProject
		{580816EA-5F5D-482B-AA74-BC4B7C54D94B} = {580816EA-5F5D-482B-AA74-BC4B7C54D94B}
	EndProjectSection
EndProject
Global
	GlobalSection(SolutionConfigurationPlatforms) = preSolution
		Debug|Pocket PC 2003 (ARMV4) = Debug|Pocket PC 2003 (ARMV4)
		Debug|Smartphone 2003 (ARMV4) = Debug|Smartphone 2003 (ARMV4)
		Debug|STANDARDSDK_500 (ARMV4I) = Debug|STANDARDSDK_500 (ARMV4I)
		Debug|STANDARDSDK_500 (MIPSII) = Debug|STANDARDSDK_500 (MIPSII)
		Debug|STANDARDSDK_500 (MIPSII_FP) = Debug|STANDARDSDK_500 (MIPSII_FP)
		Debug|STANDARDSDK_500 (MIPSIV) = Debug|STANDARDSDK_500 (MIPSIV)
		Debug|STANDARDSDK_500 (MIPSIV_FP) = Debug|STANDARDSDK_500 (MIPSIV_FP)
		Debug|STANDARDSDK_500 (SH4) = Debug|STANDARDSDK_500 (SH4)
		Debug|STANDARDSDK_500 (x86) = Debug|STANDARDSDK_500 (x86)
		Debug|Win32 = Debug|Win32
		Debug|Windows Mobile 5.0 Pocket PC SDK (ARMV4I) = Debug|Windows Mobile 5.0 Pocket PC SDK (ARMV4I)
		Release|Pocket PC 2003 (ARMV4) = Release|Pocket PC 2003 (ARMV4)
		Release|Smartphone 2003 (ARMV4) = Release|Smartphone 2003 (ARMV4)
		Release|STANDARDSDK_500 (ARMV4I) = Release|STANDARDSDK_500 (ARMV4I)
		Release|STANDARDSDK_500 (MIPSII) = Release|STANDARDSDK_500 (MIPSII)
		Release|STANDARDSDK_500 (MIPSII_FP) = Release|STANDARDSDK_500 (MIPSII_FP)
		Release|STANDARDSDK_500 (MIPSIV) = Release|STANDARDSDK_500 (MIPSIV)
		Release|STANDARDSDK_500 (MIPSIV_FP) = Release|STANDARDSDK_500 (MIPSIV_FP)
		Release|STANDARDSDK_500 (SH4) = Release|STANDARDSDK_500 (SH4)
		Release|STANDARDSDK_500 (x86) = Release|STANDARDSDK_500 (x86)
		Release|Win32 = Release|Win32
		Release|Windows Mobile 5.0 Pocket PC SDK (ARMV4I) = Release|Windows Mobile 5.0 Pocket PC SDK (ARMV4I)
	EndGlobalSection
	GlobalSection(ProjectConfigurationPlatforms) = postSolution
		{CFA0CF40-71F3-4852-AE6B-7C704F67DE09}.Debug|Pocket PC 2003 (ARMV4).ActiveCfg = Debug|Pocket PC 2003 (ARMV4)
		{CFA0CF40-71F3-4852-AE6B-7C704F67DE09}.Debug|Pocket PC 2003 (ARMV4).Build.0 = Debug|Pocket PC 2003 (ARMV4)
		{CFA0CF40-71F3-4852-AE6B-7C704F67DE09}.Debug|Pocket PC 2003 (ARMV4).Deploy.0 = Debug|Pocket PC 2003 (ARMV4)
		{CFA0CF40-71F3-4852-AE6B-7C704F67DE09}.Debug|Smartphone 2003 (ARMV4).ActiveCfg = Debug|Smartphone 2003 (ARMV4)
		{CFA0CF40-71F3-4852-AE6B-7C704F67DE09}.Debug|Smartphone 2003 (ARMV4).Build.0 = Debug|Smartphone 2003 (ARMV4)
		{CFA0CF40-71F3-4852-AE6B-7C704F67DE09}.Debug|Smartphone 2003 (ARMV4).Deploy.0 = Debug|Smartphone 2003 (ARMV4)
		{CFA0CF40-71F3-4852-AE6B-7C704F67DE09}.Debug|STANDARDSDK_500 (ARMV4I).ActiveCfg = Debug|Smartphone 2003 (ARMV4)
		{CFA0CF40-71F3-4852-AE6B-7C704F67DE09}.Debug|STANDARDSDK_500 (MIPSII).ActiveCfg = Debug|Smartphone 2003 (ARMV4)
		{CFA0CF40-71F3-4852-AE6B-7C704F67DE09}.Debug|STANDARDSDK_500 (MIPSII_FP).ActiveCfg = Debug|Smartphone 2003 (ARMV4)
		{CFA0CF40-71F3-4852-AE6B-7C704F67DE09}.Debug|STANDARDSDK_500 (MIPSIV).ActiveCfg = Debug|Smartphone 2003 (ARMV4)
		{CFA0CF40-71F3-4852-AE6B-7C704F67DE09}.Debug|STANDARDSDK_500 (MIPSIV_FP).ActiveCfg = Debug|Smartphone 2003 (ARMV4)
		{CFA0CF40-71F3-4852-AE6B-7C704F67DE09}.Debug|STANDARDSDK_500 (SH4).ActiveCfg = Debug|Smartphone 2003 (ARMV4)
		{CFA0CF40-71F3-4852-AE6B-7C704F67DE09}.Debug|STANDARDSDK_500 (x86).ActiveCfg = Debug|Smartphone 2003 (ARMV4)
		{CFA0CF40-71F3-4852-AE6B-7C704F67DE09}.Debug|Win32.ActiveCfg = Debug|Win32
		{CFA0CF40-71F3-4852-AE6B-7C704F67DE09}.Debug|Win32.Build.0 = Debug|Win32
		{CFA0CF40-71F3-4852-AE6B-7C704F67DE09}.Debug|Windows Mobile 5.0 Pocket PC SDK (ARMV4I).ActiveCfg = Debug|Win32
		{CFA0CF40-71F3-4852-AE6B-7C704F67DE09}.Release|Pocket PC 2003 (ARMV4).ActiveCfg = Release|Pocket PC 2003 (ARMV4)
		{CFA0CF40-71F3-4852-AE6B-7C704F67DE09}.Release|Pocket PC 2003 (ARMV4).Build.0 = Release|Pocket PC 2003 (ARMV4)
		{CFA0CF40-71F3-4852-AE6B-7C704F67DE09}.Release|Pocket PC 2003 (ARMV4).Deploy.0 = Release|Pocket PC 2003 (ARMV4)
		{CFA0CF40-71F3-4852-AE6B-7C704F67DE09}.Release|Smartphone 2003 (ARMV4).ActiveCfg = Release|Smartphone 2003 (ARMV4)
		{CFA0CF40-71F3-4852-AE6B-7C704F67DE09}.Release|Smartphone 2003 (ARMV4).Build.0 = Release|Smartphone 2003 (ARMV4)
		{CFA0CF40-71F3-4852-AE6B-7C704F67DE09}.Release|Smartphone 2003 (ARMV4).Deploy.0 = Release|Smartphone 2003 (ARMV4)
		{CFA0CF40-71F3-4852-AE6B-7C704F67DE09}.Release|STANDARDSDK_500 (ARMV4I).ActiveCfg = Release|Smartphone 2003 (ARMV4)
		{CFA0CF40-71F3-4852-AE6B-7C704F67DE09}.Release|STANDARDSDK_500 (MIPSII).ActiveCfg = Release|Smartphone 2003 (ARMV4)
		{CFA0CF40-71F3-4852-AE6B-7C704F67DE09}.Release|STANDARDSDK_500 (MIPSII_FP).ActiveCfg = Release|Smartphone 2003 (ARMV4)
		{CFA0CF40-71F3-4852-AE6B-7C704F67DE09}.Release|STANDARDSDK_500 (MIPSIV).ActiveCfg = Release|Smartphone 2003 (ARMV4)
		{CFA0CF40-71F3-4852-AE6B-7C704F67DE09}.Release|STANDARDSDK_500 (MIPSIV_FP).ActiveCfg = Release|Smartphone 2003 (ARMV4)
		{CFA0CF40-71F3-4852-AE6B-7C704F67DE09}.Release|STANDARDSDK_500 (SH4).ActiveCfg = Release|Smartphone 2003 (ARMV4)
		{CFA0CF40-71F3-4852-AE6B-7C704F67DE09}.Release|STANDARDSDK_500 (x86).ActiveCfg = Release|Smartphone 2003 (ARMV4)
		{CFA0CF40-71F3-4852-AE6B-7C704F67DE09}.Release|Win32.ActiveCfg = Release|Win32
		{CFA0CF40-71F3-4852-AE6B-7C704F67DE09}.Release|Win32.Build.0 = Release|Win32
		{CFA0CF40-71F3-4852-AE6B-7C704F67DE09}.Release|Windows Mobile 5.0 Pocket PC SDK (ARMV4I).ActiveCfg = Release|Win32
		{580816EA-5F5D-482B-AA74-BC4B7C54D94B}.Debug|Pocket PC 2003 (ARMV4).ActiveCfg = Debug|Pocket PC 2003 (ARMV4)
		{580816EA-5F5D-482B-AA74-BC4B7C54D94B}.Debug|Pocket PC 2003 (ARMV4).Build.0 = Debug|Pocket PC 2003 (ARMV4)
		{580816EA-5F5D-482B-AA74-BC4B7C54D94B}.Debug|Pocket PC 2003 (ARMV4).Deploy.0 = Debug|Pocket PC 2003 (ARMV4)
		{580816EA-5F5D-482B-AA74-BC4B7C54D94B}.Debug|Smartphone 2003 (ARMV4).ActiveCfg = Debug|Smartphone 2003 (ARMV4)
		{580816EA-5F5D-482B-AA74-BC4B7C54D94B}.Debug|Smartphone 2003 (ARMV4).Build.0 = Debug|Smartphone 2003 (ARMV4)
		{580816EA-5F5D-482B-AA74-BC4B7C54D94B}.Debug|Smartphone 2003 (ARMV4).Deploy.0 = Debug|Smartphone 2003 (ARMV4)
		{580816EA-5F5D-482B-AA74-BC4B7C54D94B}.Debug|STANDARDSDK_500 (ARMV4I).ActiveCfg = Debug|Smartphone 2003 (ARMV4)
		{580816EA-5F5D-482B-AA74-BC4B7C54D94B}.Debug|STANDARDSDK_500 (MIPSII).ActiveCfg = Debug|Smartphone 2003 (ARMV4)
		{580816EA-5F5D-482B-AA74-BC4B7C54D94B}.Debug|STANDARDSDK_500 (MIPSII_FP).ActiveCfg = Debug|Smartphone 2003 (ARMV4)
		{580816EA-5F5D-482B-AA74-BC4B7C54D94B}.Debug|STANDARDSDK_500 (MIPSIV).ActiveCfg = Debug|Smartphone 2003 (ARMV4)
		{580816EA-5F5D-482B-AA74-BC4B7C54D94B}.Debug|STANDARDSDK_500 (MIPSIV_FP).ActiveCfg = Debug|Smartphone 2003 (ARMV4)
		{580816EA-5F5D-482B-AA74-BC4B7C54D94B}.Debug|STANDARDSDK_500 (SH4).ActiveCfg = Debug|Smartphone 2003 (ARMV4)
		{580816EA-5F5D-482B-AA74-BC4B7C54D94B}.Debug|STANDARDSDK_500 (x86).ActiveCfg = Debug|Smartphone 2003 (ARMV4)
		{580816EA-5F5D-482B-AA74-BC4B7C54D94B}.Debug|Win32.ActiveCfg = Debug|Win32
		{580816EA-5F5D-482B-AA74-BC4B7C54D94B}.Debug|Win32.Build.0 = Debug|Win32
		{580816EA-5F5D-482B-AA74-BC4B7C54D94B}.Debug|Windows Mobile 5.0 Pocket PC SDK (ARMV4I).ActiveCfg = Debug|Win32
		{580816EA-5F5D-482B-AA74-BC4B7C54D94B}.Release|Pocket PC 2003 (ARMV4).ActiveCfg = Release|Pocket PC 2003 (ARMV4)
		{580816EA-5F5D-482B-AA74-BC4B7C54D94B}.Release|Pocket PC 2003 (ARMV4).Build.0 = Release|Pocket PC 2003 (ARMV4)
		{580816EA-5F5D-482B-AA74-BC4B7C54D94B}.Release|Pocket PC 2003 (ARMV4).Deploy.0 = Release|Pocket PC 2003 (ARMV4)
		{580816EA-5F5D-482B-AA74-BC4B7C54D94B}.Release|Smartphone 2003 (ARMV4).ActiveCfg = Release|Smartphone 2003 (ARMV4)
		{580816EA-5F5D-482B-AA74-BC4B7C54D94B}.Release|Smartphone 2003 (ARMV4).Build.0 = Release|Smartphone 2003 (ARMV4)
		{580816EA-5F5D-482B-AA74-BC4B7C54D94B}.Release|Smartphone 2003 (ARMV4).Deploy.0 = Release|Smartphone 2003 (ARMV4)
		{580816EA-5F5D-482B-AA74-BC4B7C54D94B}.Release|STANDARDSDK_500 (ARMV4I).ActiveCfg = Release|Smartphone 2003 (ARMV4)
		{580816EA-5F5D-482B-AA74-BC4B7C54D94B}.Release|STANDARDSDK_500 (MIPSII).ActiveCfg = Release|Smartphone 2003 (ARMV4)
		{580816EA-5F5D-482B-AA74-BC4B7C54D94B}.Release|STANDARDSDK_500 (MIPSII_FP).ActiveCfg = Release|Smartphone 2003 (ARMV4)
		{580816EA-5F5D-482B-AA74-BC4B7C54D94B}.Release|STANDARDSDK_500 (MIPSIV).ActiveCfg = Release|Smartphone 2003 (ARMV4)
		{580816EA-5F5D-482B-AA74-BC4B7C54D94B}.Release|STANDARDSDK_500 (MIPSIV_FP).ActiveCfg = Release|Smartphone 2003 (ARMV4)
		{580816EA-5F5D-482B-AA74-BC4B7C54D94B}.Release|STANDARDSDK_500 (SH4).ActiveCfg = Release|Smartphone 2003 (ARMV4)
		{580816EA-5F5D-482B-AA74-BC4B7C54D94B}.Release|STANDARDSDK_500 (x86).ActiveCfg = Release|Smartphone 2003 (ARMV4)
		{580816EA-5F5D-482B-AA74-BC4B7C54D94B}.Release|Win32.ActiveCfg = Release|Win32
		{580816EA-5F5D-482B-AA74-BC4B7C54D94B}.Release|Win32.Build.0 = Release|Win32
		{580816EA-5F5D-482B-AA74-BC4B7C54D94B}.Release|Windows Mobile 5.0 Pocket PC SDK (ARMV4I).ActiveCfg = Release|Win32
		{06B8B6C6-9104-414D-A3CD-A8C9E62E5244}.Debug|Pocket PC 2003 (ARMV4).ActiveCfg = Debug|Pocket PC 2003 (ARMV4)
		{06B8B6C6-9104-414D-A3CD-A8C9E62E5244}.Debug|Pocket PC 2003 (ARMV4).Build.0 = Debug|Pocket PC 2003 (ARMV4)
		{06B8B6C6-9104-414D-A3CD-A8C9E62E5244}.Debug|Pocket PC 2003 (ARMV4).Deploy.0 = Debug|Pocket PC 2003 (ARMV4)
		{06B8B6C6-9104-414D-A3CD-A8C9E62E5244}.Debug|Smartphone 2003 (ARMV4).ActiveCfg = Debug|Smartphone 2003 (ARMV4)
		{06B8B6C6-9104-414D-A3CD-A8C9E62E5244}.Debug|Smartphone 2003 (ARMV4).Build.0 = Debug|Smartphone 2003 (ARMV4)
		{06B8B6C6-9104-414D-A3CD-A8C9E62E5244}.Debug|Smartphone 2003 (ARMV4).Deploy.0 = Debug|Smartphone 2003 (ARMV4)
		{06B8B6C6-9104-414D-A3CD-A8C9E62E5244}.Debug|STANDARDSDK_500 (ARMV4I).ActiveCfg = Debug|Smartphone 2003 (ARMV4)
		{06B8B6C6-9104-414D-A3CD-A8C9E62E5244}.Debug|STANDARDSDK_500 (MIPSII).ActiveCfg = Debug|Smartphone 2003 (ARMV4)
		{06B8B6C6-9104-414D-A3CD-A8C9E62E5244}.Debug|STANDARDSDK_500 (MIPSII_FP).ActiveCfg = Debug|Smartphone 2003 (ARMV4)
		{06B8B6C6-9104-414D-A3CD-A8C9E62E5244}.Debug|STANDARDSDK_500 (MIPSIV).ActiveCfg = Debug|Smartphone 2003 (ARMV4)
		{06B8B6C6-9104-414D-A3CD-A8C9E62E5244}.Debug|STANDARDSDK_500 (MIPSIV_FP).ActiveCfg = Debug|Smartphone 2003 (ARMV4)
		{06B8B6C6-9104-414D-A3CD-A8C9E62E5244}.Debug|STANDARDSDK_500 (SH4).ActiveCfg = Debug|Smartphone 2003 (ARMV4)
		{06B8B6C6-9104-414D-A3CD-A8C9E62E5244}.Debug|STANDARDSDK_500 (x86).ActiveCfg = Debug|Smartphone 2003 (ARMV4)
		{06B8B6C6-9104-414D-A3CD-A8C9E62E5244}.Debug|Win32.ActiveCfg = Debug|Win32
		{06B8B6C6-9104-414D-A3CD-A8C9E62E5244}.Debug|Win32.Build.0 = Debug|Win32
		{06B8B6C6-9104-414D-A3CD-A8C9E62E5244}.Debug|Windows Mobile 5.0 Pocket PC SDK (ARMV4I).ActiveCfg = Debug|Win32
		{06B8B6C6-9104-414D-A3CD-A8C9E62E5244}.Release|Pocket PC 2003 (ARMV4).ActiveCfg = Release|Pocket PC 2003 (ARMV4)
		{06B8B6C6-9104-414D-A3CD-A8C9E62E5244}.Release|Pocket PC 2003 (ARMV4).Build.0 = Release|Pocket PC 2003 (ARMV4)
		{06B8B6C6-9104-414D-A3CD-A8C9E62E5244}.Release|Pocket PC 2003 (ARMV4).Deploy.0 = Release|Pocket PC 2003 (ARMV4)
		{06B8B6C6-9104-414D-A3CD-A8C9E62E5244}.Release|Smartphone 2003 (ARMV4).ActiveCfg = Release|Smartphone 2003 (ARMV4)
		{06B8B6C6-9104-414D-A3CD-A8C9E62E5244}.Release|Smartphone 2003 (ARMV4).Build.0 = Release|Smartphone 2003 (ARMV4)
		{06B8B6C6-9104-414D-A3CD-A8C9E62E5244}.Release|Smartphone 2003 (ARMV4).Deploy.0 = Release|Smartphone 2003 (ARMV4)
		{06B8B6C6-9104-414D-A3CD-A8C9E62E5244}.Release|STANDARDSDK_500 (ARMV4I).ActiveCfg = Release|Smartphone 2003 (ARMV4)
		{06B8B6C6-9104-414D-A3CD-A8C9E62E5244}.Release|STANDARDSDK_500 (MIPSII).ActiveCfg = Release|Smartphone 2003 (ARMV4)
		{06B8B6C6-9104-414D-A3CD-A8C9E62E5244}.Release|STANDARDSDK_500 (MIPSII_FP).ActiveCfg = Release|Smartphone 2003 (ARMV4)
		{06B8B6C6-9104-414D-A3CD-A8C9E62E5244}.Release|STANDARDSDK_500 (MIPSIV).ActiveCfg = Release|Smartphone 2003 (ARMV4)
		{06B8B6C6-9104-414D-A3CD-A8C9E62E5244}.Release|STANDARDSDK_500 (MIPSIV_FP).ActiveCfg = Release|Smartphone 2003 (ARMV4)
		{06B8B6C6-9104-414D-A3CD-A8C9E62E5244}.Release|STANDARDSDK_500 (SH4).ActiveCfg = Release|Smartphone 2003 (ARMV4)
		{06B8B6C6-9104-414D-A3CD-A8C9E62E5244}.Release|STANDARDSDK_500 (x86).ActiveCfg = Release|Smartphone 2003 (ARMV4)
		{06B8B6C6-9104-414D-A3CD-A8C9E62E5244}.Release|Win32.ActiveCfg = Release|Win32
		{06B8B6C6-9104-414D-A3CD-A8C9E62E5244}.Release|Win32.Build.0 = Release|Win32
		{06B8B6C6-9104-414D-A3CD-A8C9E62E5244}.Release|Windows Mobile 5.0 Pocket PC SDK (ARMV4I).ActiveCfg = Release|Win32
	EndGlobalSection
	GlobalSection(SolutionProperties) = preSolution
		HideSolutionNode = FALSE
	EndGlobalSection
EndGlobal
