
Microsoft Visual Studio Solution File, Format Version 10.00
# Visual Studio 2008
Project("{8BC9CEB8-8B4A-11D0-8D11-00A0C91BC942}") = "vojpegDecTst", "vojpegDecTst.vcproj", "{BE51A014-7616-40F2-BA58-450583A5461C}"
	ProjectSection(ProjectDependencies) = postProject
		{66995A51-2A00-48D4-9B71-6BD09CC986D1} = {66995A51-2A00-48D4-9B71-6BD09CC986D1}
	EndProjectSection
EndProject
Project("{8BC9CEB8-8B4A-11D0-8D11-00A0C91BC942}") = "vojpegDecDll", "..\vojpegDecDll\vojpegDecDll.vcproj", "{66995A51-2A00-48D4-9B71-6BD09CC986D1}"
EndProject
Global
	GlobalSection(SolutionConfigurationPlatforms) = preSolution
		Debug|Pocket PC 2003 (ARMV4) = Debug|Pocket PC 2003 (ARMV4)
		Debug|Smartphone 2003 (ARMV4) = Debug|Smartphone 2003 (ARMV4)
		Debug|STANDARDSDK_500 (ARMV4I) = Debug|STANDARDSDK_500 (ARMV4I)
		Debug|STANDARDSDK_500 (MIPSII) = Debug|STANDARDSDK_500 (MIPSII)
		Debug|STANDARDSDK_500 (MIPSII_FP) = Debug|STANDARDSDK_500 (MIPSII_FP)
		Debug|STANDARDSDK_500 (MIPSIV) = Debug|STANDARDSDK_500 (MIPSIV)
		Debug|STANDARDSDK_500 (MIPSIV_FP) = Debug|STANDARDSDK_500 (MIPSIV_FP)
		Debug|STANDARDSDK_500 (SH4) = Debug|STANDARDSDK_500 (SH4)
		Debug|STANDARDSDK_500 (x86) = Debug|STANDARDSDK_500 (x86)
		Debug|Win32 = Debug|Win32
		Debug|Windows Mobile 5.0 Pocket PC SDK (ARMV4I) = Debug|Windows Mobile 5.0 Pocket PC SDK (ARMV4I)
		Release|Pocket PC 2003 (ARMV4) = Release|Pocket PC 2003 (ARMV4)
		Release|Smartphone 2003 (ARMV4) = Release|Smartphone 2003 (ARMV4)
		Release|STANDARDSDK_500 (ARMV4I) = Release|STANDARDSDK_500 (ARMV4I)
		Release|STANDARDSDK_500 (MIPSII) = Release|STANDARDSDK_500 (MIPSII)
		Release|STANDARDSDK_500 (MIPSII_FP) = Release|STANDARDSDK_500 (MIPSII_FP)
		Release|STANDARDSDK_500 (MIPSIV) = Release|STANDARDSDK_500 (MIPSIV)
		Release|STANDARDSDK_500 (MIPSIV_FP) = Release|STANDARDSDK_500 (MIPSIV_FP)
		Release|STANDARDSDK_500 (SH4) = Release|STANDARDSDK_500 (SH4)
		Release|STANDARDSDK_500 (x86) = Release|STANDARDSDK_500 (x86)
		Release|Win32 = Release|Win32
		Release|Windows Mobile 5.0 Pocket PC SDK (ARMV4I) = Release|Windows Mobile 5.0 Pocket PC SDK (ARMV4I)
		VOARMV4|Pocket PC 2003 (ARMV4) = VOARMV4|Pocket PC 2003 (ARMV4)
		VOARMV4|Smartphone 2003 (ARMV4) = VOARMV4|Smartphone 2003 (ARMV4)
		VOARMV4|STANDARDSDK_500 (ARMV4I) = VOARMV4|STANDARDSDK_500 (ARMV4I)
		VOARMV4|STANDARDSDK_500 (MIPSII) = VOARMV4|STANDARDSDK_500 (MIPSII)
		VOARMV4|STANDARDSDK_500 (MIPSII_FP) = VOARMV4|STANDARDSDK_500 (MIPSII_FP)
		VOARMV4|STANDARDSDK_500 (MIPSIV) = VOARMV4|STANDARDSDK_500 (MIPSIV)
		VOARMV4|STANDARDSDK_500 (MIPSIV_FP) = VOARMV4|STANDARDSDK_500 (MIPSIV_FP)
		VOARMV4|STANDARDSDK_500 (SH4) = VOARMV4|STANDARDSDK_500 (SH4)
		VOARMV4|STANDARDSDK_500 (x86) = VOARMV4|STANDARDSDK_500 (x86)
		VOARMV4|Win32 = VOARMV4|Win32
		VOARMV4|Windows Mobile 5.0 Pocket PC SDK (ARMV4I) = VOARMV4|Windows Mobile 5.0 Pocket PC SDK (ARMV4I)
		VOARMV6|Pocket PC 2003 (ARMV4) = VOARMV6|Pocket PC 2003 (ARMV4)
		VOARMV6|Smartphone 2003 (ARMV4) = VOARMV6|Smartphone 2003 (ARMV4)
		VOARMV6|STANDARDSDK_500 (ARMV4I) = VOARMV6|STANDARDSDK_500 (ARMV4I)
		VOARMV6|STANDARDSDK_500 (MIPSII) = VOARMV6|STANDARDSDK_500 (MIPSII)
		VOARMV6|STANDARDSDK_500 (MIPSII_FP) = VOARMV6|STANDARDSDK_500 (MIPSII_FP)
		VOARMV6|STANDARDSDK_500 (MIPSIV) = VOARMV6|STANDARDSDK_500 (MIPSIV)
		VOARMV6|STANDARDSDK_500 (MIPSIV_FP) = VOARMV6|STANDARDSDK_500 (MIPSIV_FP)
		VOARMV6|STANDARDSDK_500 (SH4) = VOARMV6|STANDARDSDK_500 (SH4)
		VOARMV6|STANDARDSDK_500 (x86) = VOARMV6|STANDARDSDK_500 (x86)
		VOARMV6|Win32 = VOARMV6|Win32
		VOARMV6|Windows Mobile 5.0 Pocket PC SDK (ARMV4I) = VOARMV6|Windows Mobile 5.0 Pocket PC SDK (ARMV4I)
		VOARMV7_Debug|Pocket PC 2003 (ARMV4) = VOARMV7_Debug|Pocket PC 2003 (ARMV4)
		VOARMV7_Debug|Smartphone 2003 (ARMV4) = VOARMV7_Debug|Smartphone 2003 (ARMV4)
		VOARMV7_Debug|STANDARDSDK_500 (ARMV4I) = VOARMV7_Debug|STANDARDSDK_500 (ARMV4I)
		VOARMV7_Debug|STANDARDSDK_500 (MIPSII) = VOARMV7_Debug|STANDARDSDK_500 (MIPSII)
		VOARMV7_Debug|STANDARDSDK_500 (MIPSII_FP) = VOARMV7_Debug|STANDARDSDK_500 (MIPSII_FP)
		VOARMV7_Debug|STANDARDSDK_500 (MIPSIV) = VOARMV7_Debug|STANDARDSDK_500 (MIPSIV)
		VOARMV7_Debug|STANDARDSDK_500 (MIPSIV_FP) = VOARMV7_Debug|STANDARDSDK_500 (MIPSIV_FP)
		VOARMV7_Debug|STANDARDSDK_500 (SH4) = VOARMV7_Debug|STANDARDSDK_500 (SH4)
		VOARMV7_Debug|STANDARDSDK_500 (x86) = VOARMV7_Debug|STANDARDSDK_500 (x86)
		VOARMV7_Debug|Win32 = VOARMV7_Debug|Win32
		VOARMV7_Debug|Windows Mobile 5.0 Pocket PC SDK (ARMV4I) = VOARMV7_Debug|Windows Mobile 5.0 Pocket PC SDK (ARMV4I)
		VOARMV7|Pocket PC 2003 (ARMV4) = VOARMV7|Pocket PC 2003 (ARMV4)
		VOARMV7|Smartphone 2003 (ARMV4) = VOARMV7|Smartphone 2003 (ARMV4)
		VOARMV7|STANDARDSDK_500 (ARMV4I) = VOARMV7|STANDARDSDK_500 (ARMV4I)
		VOARMV7|STANDARDSDK_500 (MIPSII) = VOARMV7|STANDARDSDK_500 (MIPSII)
		VOARMV7|STANDARDSDK_500 (MIPSII_FP) = VOARMV7|STANDARDSDK_500 (MIPSII_FP)
		VOARMV7|STANDARDSDK_500 (MIPSIV) = VOARMV7|STANDARDSDK_500 (MIPSIV)
		VOARMV7|STANDARDSDK_500 (MIPSIV_FP) = VOARMV7|STANDARDSDK_500 (MIPSIV_FP)
		VOARMV7|STANDARDSDK_500 (SH4) = VOARMV7|STANDARDSDK_500 (SH4)
		VOARMV7|STANDARDSDK_500 (x86) = VOARMV7|STANDARDSDK_500 (x86)
		VOARMV7|Win32 = VOARMV7|Win32
		VOARMV7|Windows Mobile 5.0 Pocket PC SDK (ARMV4I) = VOARMV7|Windows Mobile 5.0 Pocket PC SDK (ARMV4I)
	EndGlobalSection
	GlobalSection(ProjectConfigurationPlatforms) = postSolution
		{BE51A014-7616-40F2-BA58-450583A5461C}.Debug|Pocket PC 2003 (ARMV4).ActiveCfg = Debug|Pocket PC 2003 (ARMV4)
		{BE51A014-7616-40F2-BA58-450583A5461C}.Debug|Pocket PC 2003 (ARMV4).Build.0 = Debug|Pocket PC 2003 (ARMV4)
		{BE51A014-7616-40F2-BA58-450583A5461C}.Debug|Pocket PC 2003 (ARMV4).Deploy.0 = Debug|Pocket PC 2003 (ARMV4)
		{BE51A014-7616-40F2-BA58-450583A5461C}.Debug|Smartphone 2003 (ARMV4).ActiveCfg = Debug|Smartphone 2003 (ARMV4)
		{BE51A014-7616-40F2-BA58-450583A5461C}.Debug|Smartphone 2003 (ARMV4).Build.0 = Debug|Smartphone 2003 (ARMV4)
		{BE51A014-7616-40F2-BA58-450583A5461C}.Debug|Smartphone 2003 (ARMV4).Deploy.0 = Debug|Smartphone 2003 (ARMV4)
		{BE51A014-7616-40F2-BA58-450583A5461C}.Debug|STANDARDSDK_500 (ARMV4I).ActiveCfg = Debug|Smartphone 2003 (ARMV4)
		{BE51A014-7616-40F2-BA58-450583A5461C}.Debug|STANDARDSDK_500 (MIPSII).ActiveCfg = Debug|Smartphone 2003 (ARMV4)
		{BE51A014-7616-40F2-BA58-450583A5461C}.Debug|STANDARDSDK_500 (MIPSII_FP).ActiveCfg = Debug|Smartphone 2003 (ARMV4)
		{BE51A014-7616-40F2-BA58-450583A5461C}.Debug|STANDARDSDK_500 (MIPSIV).ActiveCfg = Debug|Smartphone 2003 (ARMV4)
		{BE51A014-7616-40F2-BA58-450583A5461C}.Debug|STANDARDSDK_500 (MIPSIV_FP).ActiveCfg = Debug|Smartphone 2003 (ARMV4)
		{BE51A014-7616-40F2-BA58-450583A5461C}.Debug|STANDARDSDK_500 (SH4).ActiveCfg = Debug|Smartphone 2003 (ARMV4)
		{BE51A014-7616-40F2-BA58-450583A5461C}.Debug|STANDARDSDK_500 (x86).ActiveCfg = Debug|Smartphone 2003 (ARMV4)
		{BE51A014-7616-40F2-BA58-450583A5461C}.Debug|Win32.ActiveCfg = Debug|Win32
		{BE51A014-7616-40F2-BA58-450583A5461C}.Debug|Win32.Build.0 = Debug|Win32
		{BE51A014-7616-40F2-BA58-450583A5461C}.Debug|Windows Mobile 5.0 Pocket PC SDK (ARMV4I).ActiveCfg = Debug|Windows Mobile 5.0 Pocket PC SDK (ARMV4I)
		{BE51A014-7616-40F2-BA58-450583A5461C}.Debug|Windows Mobile 5.0 Pocket PC SDK (ARMV4I).Build.0 = Debug|Windows Mobile 5.0 Pocket PC SDK (ARMV4I)
		{BE51A014-7616-40F2-BA58-450583A5461C}.Debug|Windows Mobile 5.0 Pocket PC SDK (ARMV4I).Deploy.0 = Debug|Windows Mobile 5.0 Pocket PC SDK (ARMV4I)
		{BE51A014-7616-40F2-BA58-450583A5461C}.Release|Pocket PC 2003 (ARMV4).ActiveCfg = Release|Pocket PC 2003 (ARMV4)
		{BE51A014-7616-40F2-BA58-450583A5461C}.Release|Pocket PC 2003 (ARMV4).Build.0 = Release|Pocket PC 2003 (ARMV4)
		{BE51A014-7616-40F2-BA58-450583A5461C}.Release|Pocket PC 2003 (ARMV4).Deploy.0 = Release|Pocket PC 2003 (ARMV4)
		{BE51A014-7616-40F2-BA58-450583A5461C}.Release|Smartphone 2003 (ARMV4).ActiveCfg = Release|Smartphone 2003 (ARMV4)
		{BE51A014-7616-40F2-BA58-450583A5461C}.Release|Smartphone 2003 (ARMV4).Build.0 = Release|Smartphone 2003 (ARMV4)
		{BE51A014-7616-40F2-BA58-450583A5461C}.Release|Smartphone 2003 (ARMV4).Deploy.0 = Release|Smartphone 2003 (ARMV4)
		{BE51A014-7616-40F2-BA58-450583A5461C}.Release|STANDARDSDK_500 (ARMV4I).ActiveCfg = Release|Smartphone 2003 (ARMV4)
		{BE51A014-7616-40F2-BA58-450583A5461C}.Release|STANDARDSDK_500 (MIPSII).ActiveCfg = Release|Smartphone 2003 (ARMV4)
		{BE51A014-7616-40F2-BA58-450583A5461C}.Release|STANDARDSDK_500 (MIPSII_FP).ActiveCfg = Release|Smartphone 2003 (ARMV4)
		{BE51A014-7616-40F2-BA58-450583A5461C}.Release|STANDARDSDK_500 (MIPSIV).ActiveCfg = Release|Smartphone 2003 (ARMV4)
		{BE51A014-7616-40F2-BA58-450583A5461C}.Release|STANDARDSDK_500 (MIPSIV_FP).ActiveCfg = Release|Smartphone 2003 (ARMV4)
		{BE51A014-7616-40F2-BA58-450583A5461C}.Release|STANDARDSDK_500 (SH4).ActiveCfg = Release|Smartphone 2003 (ARMV4)
		{BE51A014-7616-40F2-BA58-450583A5461C}.Release|STANDARDSDK_500 (x86).ActiveCfg = Release|Smartphone 2003 (ARMV4)
		{BE51A014-7616-40F2-BA58-450583A5461C}.Release|Win32.ActiveCfg = Release|Win32
		{BE51A014-7616-40F2-BA58-450583A5461C}.Release|Win32.Build.0 = Release|Win32
		{BE51A014-7616-40F2-BA58-450583A5461C}.Release|Windows Mobile 5.0 Pocket PC SDK (ARMV4I).ActiveCfg = Release|Windows Mobile 5.0 Pocket PC SDK (ARMV4I)
		{BE51A014-7616-40F2-BA58-450583A5461C}.Release|Windows Mobile 5.0 Pocket PC SDK (ARMV4I).Build.0 = Release|Windows Mobile 5.0 Pocket PC SDK (ARMV4I)
		{BE51A014-7616-40F2-BA58-450583A5461C}.Release|Windows Mobile 5.0 Pocket PC SDK (ARMV4I).Deploy.0 = Release|Windows Mobile 5.0 Pocket PC SDK (ARMV4I)
		{BE51A014-7616-40F2-BA58-450583A5461C}.VOARMV4|Pocket PC 2003 (ARMV4).ActiveCfg = Release|Windows Mobile 5.0 Pocket PC SDK (ARMV4I)
		{BE51A014-7616-40F2-BA58-450583A5461C}.VOARMV4|Smartphone 2003 (ARMV4).ActiveCfg = Release|Windows Mobile 5.0 Pocket PC SDK (ARMV4I)
		{BE51A014-7616-40F2-BA58-450583A5461C}.VOARMV4|STANDARDSDK_500 (ARMV4I).ActiveCfg = Release|Windows Mobile 5.0 Pocket PC SDK (ARMV4I)
		{BE51A014-7616-40F2-BA58-450583A5461C}.VOARMV4|STANDARDSDK_500 (MIPSII).ActiveCfg = Release|Windows Mobile 5.0 Pocket PC SDK (ARMV4I)
		{BE51A014-7616-40F2-BA58-450583A5461C}.VOARMV4|STANDARDSDK_500 (MIPSII_FP).ActiveCfg = Release|Windows Mobile 5.0 Pocket PC SDK (ARMV4I)
		{BE51A014-7616-40F2-BA58-450583A5461C}.VOARMV4|STANDARDSDK_500 (MIPSIV).ActiveCfg = Release|Windows Mobile 5.0 Pocket PC SDK (ARMV4I)
		{BE51A014-7616-40F2-BA58-450583A5461C}.VOARMV4|STANDARDSDK_500 (MIPSIV_FP).ActiveCfg = Release|Windows Mobile 5.0 Pocket PC SDK (ARMV4I)
		{BE51A014-7616-40F2-BA58-450583A5461C}.VOARMV4|STANDARDSDK_500 (SH4).ActiveCfg = Release|Windows Mobile 5.0 Pocket PC SDK (ARMV4I)
		{BE51A014-7616-40F2-BA58-450583A5461C}.VOARMV4|STANDARDSDK_500 (x86).ActiveCfg = Release|Windows Mobile 5.0 Pocket PC SDK (ARMV4I)
		{BE51A014-7616-40F2-BA58-450583A5461C}.VOARMV4|Win32.ActiveCfg = Release|Win32
		{BE51A014-7616-40F2-BA58-450583A5461C}.VOARMV4|Win32.Build.0 = Release|Win32
		{BE51A014-7616-40F2-BA58-450583A5461C}.VOARMV4|Windows Mobile 5.0 Pocket PC SDK (ARMV4I).ActiveCfg = Release|Windows Mobile 5.0 Pocket PC SDK (ARMV4I)
		{BE51A014-7616-40F2-BA58-450583A5461C}.VOARMV4|Windows Mobile 5.0 Pocket PC SDK (ARMV4I).Build.0 = Release|Windows Mobile 5.0 Pocket PC SDK (ARMV4I)
		{BE51A014-7616-40F2-BA58-450583A5461C}.VOARMV4|Windows Mobile 5.0 Pocket PC SDK (ARMV4I).Deploy.0 = Release|Windows Mobile 5.0 Pocket PC SDK (ARMV4I)
		{BE51A014-7616-40F2-BA58-450583A5461C}.VOARMV6|Pocket PC 2003 (ARMV4).ActiveCfg = Release|Windows Mobile 5.0 Pocket PC SDK (ARMV4I)
		{BE51A014-7616-40F2-BA58-450583A5461C}.VOARMV6|Smartphone 2003 (ARMV4).ActiveCfg = Release|Windows Mobile 5.0 Pocket PC SDK (ARMV4I)
		{BE51A014-7616-40F2-BA58-450583A5461C}.VOARMV6|STANDARDSDK_500 (ARMV4I).ActiveCfg = Release|Windows Mobile 5.0 Pocket PC SDK (ARMV4I)
		{BE51A014-7616-40F2-BA58-450583A5461C}.VOARMV6|STANDARDSDK_500 (MIPSII).ActiveCfg = Release|Windows Mobile 5.0 Pocket PC SDK (ARMV4I)
		{BE51A014-7616-40F2-BA58-450583A5461C}.VOARMV6|STANDARDSDK_500 (MIPSII_FP).ActiveCfg = Release|Windows Mobile 5.0 Pocket PC SDK (ARMV4I)
		{BE51A014-7616-40F2-BA58-450583A5461C}.VOARMV6|STANDARDSDK_500 (MIPSIV).ActiveCfg = Release|Windows Mobile 5.0 Pocket PC SDK (ARMV4I)
		{BE51A014-7616-40F2-BA58-450583A5461C}.VOARMV6|STANDARDSDK_500 (MIPSIV_FP).ActiveCfg = Release|Windows Mobile 5.0 Pocket PC SDK (ARMV4I)
		{BE51A014-7616-40F2-BA58-450583A5461C}.VOARMV6|STANDARDSDK_500 (SH4).ActiveCfg = Release|Windows Mobile 5.0 Pocket PC SDK (ARMV4I)
		{BE51A014-7616-40F2-BA58-450583A5461C}.VOARMV6|STANDARDSDK_500 (x86).ActiveCfg = Release|Windows Mobile 5.0 Pocket PC SDK (ARMV4I)
		{BE51A014-7616-40F2-BA58-450583A5461C}.VOARMV6|Win32.ActiveCfg = Release|Win32
		{BE51A014-7616-40F2-BA58-450583A5461C}.VOARMV6|Win32.Build.0 = Release|Win32
		{BE51A014-7616-40F2-BA58-450583A5461C}.VOARMV6|Windows Mobile 5.0 Pocket PC SDK (ARMV4I).ActiveCfg = Release|Windows Mobile 5.0 Pocket PC SDK (ARMV4I)
		{BE51A014-7616-40F2-BA58-450583A5461C}.VOARMV6|Windows Mobile 5.0 Pocket PC SDK (ARMV4I).Build.0 = Release|Windows Mobile 5.0 Pocket PC SDK (ARMV4I)
		{BE51A014-7616-40F2-BA58-450583A5461C}.VOARMV6|Windows Mobile 5.0 Pocket PC SDK (ARMV4I).Deploy.0 = Release|Windows Mobile 5.0 Pocket PC SDK (ARMV4I)
		{BE51A014-7616-40F2-BA58-450583A5461C}.VOARMV7_Debug|Pocket PC 2003 (ARMV4).ActiveCfg = VOARMV7_Debug|Pocket PC 2003 (ARMV4)
		{BE51A014-7616-40F2-BA58-450583A5461C}.VOARMV7_Debug|Pocket PC 2003 (ARMV4).Build.0 = VOARMV7_Debug|Pocket PC 2003 (ARMV4)
		{BE51A014-7616-40F2-BA58-450583A5461C}.VOARMV7_Debug|Pocket PC 2003 (ARMV4).Deploy.0 = VOARMV7_Debug|Pocket PC 2003 (ARMV4)
		{BE51A014-7616-40F2-BA58-450583A5461C}.VOARMV7_Debug|Smartphone 2003 (ARMV4).ActiveCfg = VOARMV7_Debug|Smartphone 2003 (ARMV4)
		{BE51A014-7616-40F2-BA58-450583A5461C}.VOARMV7_Debug|Smartphone 2003 (ARMV4).Build.0 = VOARMV7_Debug|Smartphone 2003 (ARMV4)
		{BE51A014-7616-40F2-BA58-450583A5461C}.VOARMV7_Debug|Smartphone 2003 (ARMV4).Deploy.0 = VOARMV7_Debug|Smartphone 2003 (ARMV4)
		{BE51A014-7616-40F2-BA58-450583A5461C}.VOARMV7_Debug|STANDARDSDK_500 (ARMV4I).ActiveCfg = VOARMV7_Debug|Smartphone 2003 (ARMV4)
		{BE51A014-7616-40F2-BA58-450583A5461C}.VOARMV7_Debug|STANDARDSDK_500 (MIPSII).ActiveCfg = VOARMV7_Debug|Smartphone 2003 (ARMV4)
		{BE51A014-7616-40F2-BA58-450583A5461C}.VOARMV7_Debug|STANDARDSDK_500 (MIPSII_FP).ActiveCfg = VOARMV7_Debug|Smartphone 2003 (ARMV4)
		{BE51A014-7616-40F2-BA58-450583A5461C}.VOARMV7_Debug|STANDARDSDK_500 (MIPSIV).ActiveCfg = VOARMV7_Debug|Smartphone 2003 (ARMV4)
		{BE51A014-7616-40F2-BA58-450583A5461C}.VOARMV7_Debug|STANDARDSDK_500 (MIPSIV_FP).ActiveCfg = VOARMV7_Debug|Smartphone 2003 (ARMV4)
		{BE51A014-7616-40F2-BA58-450583A5461C}.VOARMV7_Debug|STANDARDSDK_500 (SH4).ActiveCfg = VOARMV7_Debug|Smartphone 2003 (ARMV4)
		{BE51A014-7616-40F2-BA58-450583A5461C}.VOARMV7_Debug|STANDARDSDK_500 (x86).ActiveCfg = VOARMV7_Debug|Smartphone 2003 (ARMV4)
		{BE51A014-7616-40F2-BA58-450583A5461C}.VOARMV7_Debug|Win32.ActiveCfg = VOARMV7_Debug|Win32
		{BE51A014-7616-40F2-BA58-450583A5461C}.VOARMV7_Debug|Win32.Build.0 = VOARMV7_Debug|Win32
		{BE51A014-7616-40F2-BA58-450583A5461C}.VOARMV7_Debug|Windows Mobile 5.0 Pocket PC SDK (ARMV4I).ActiveCfg = VOARMV7_Debug|Windows Mobile 5.0 Pocket PC SDK (ARMV4I)
		{BE51A014-7616-40F2-BA58-450583A5461C}.VOARMV7_Debug|Windows Mobile 5.0 Pocket PC SDK (ARMV4I).Build.0 = VOARMV7_Debug|Windows Mobile 5.0 Pocket PC SDK (ARMV4I)
		{BE51A014-7616-40F2-BA58-450583A5461C}.VOARMV7_Debug|Windows Mobile 5.0 Pocket PC SDK (ARMV4I).Deploy.0 = VOARMV7_Debug|Windows Mobile 5.0 Pocket PC SDK (ARMV4I)
		{BE51A014-7616-40F2-BA58-450583A5461C}.VOARMV7|Pocket PC 2003 (ARMV4).ActiveCfg = Release|Windows Mobile 5.0 Pocket PC SDK (ARMV4I)
		{BE51A014-7616-40F2-BA58-450583A5461C}.VOARMV7|Smartphone 2003 (ARMV4).ActiveCfg = Release|Windows Mobile 5.0 Pocket PC SDK (ARMV4I)
		{BE51A014-7616-40F2-BA58-450583A5461C}.VOARMV7|STANDARDSDK_500 (ARMV4I).ActiveCfg = Release|Windows Mobile 5.0 Pocket PC SDK (ARMV4I)
		{BE51A014-7616-40F2-BA58-450583A5461C}.VOARMV7|STANDARDSDK_500 (MIPSII).ActiveCfg = Release|Windows Mobile 5.0 Pocket PC SDK (ARMV4I)
		{BE51A014-7616-40F2-BA58-450583A5461C}.VOARMV7|STANDARDSDK_500 (MIPSII_FP).ActiveCfg = Release|Windows Mobile 5.0 Pocket PC SDK (ARMV4I)
		{BE51A014-7616-40F2-BA58-450583A5461C}.VOARMV7|STANDARDSDK_500 (MIPSIV).ActiveCfg = Release|Windows Mobile 5.0 Pocket PC SDK (ARMV4I)
		{BE51A014-7616-40F2-BA58-450583A5461C}.VOARMV7|STANDARDSDK_500 (MIPSIV_FP).ActiveCfg = Release|Windows Mobile 5.0 Pocket PC SDK (ARMV4I)
		{BE51A014-7616-40F2-BA58-450583A5461C}.VOARMV7|STANDARDSDK_500 (SH4).ActiveCfg = Release|Windows Mobile 5.0 Pocket PC SDK (ARMV4I)
		{BE51A014-7616-40F2-BA58-450583A5461C}.VOARMV7|STANDARDSDK_500 (x86).ActiveCfg = Release|Windows Mobile 5.0 Pocket PC SDK (ARMV4I)
		{BE51A014-7616-40F2-BA58-450583A5461C}.VOARMV7|Win32.ActiveCfg = Release|Win32
		{BE51A014-7616-40F2-BA58-450583A5461C}.VOARMV7|Win32.Build.0 = Release|Win32
		{BE51A014-7616-40F2-BA58-450583A5461C}.VOARMV7|Windows Mobile 5.0 Pocket PC SDK (ARMV4I).ActiveCfg = Release|Windows Mobile 5.0 Pocket PC SDK (ARMV4I)
		{BE51A014-7616-40F2-BA58-450583A5461C}.VOARMV7|Windows Mobile 5.0 Pocket PC SDK (ARMV4I).Build.0 = Release|Windows Mobile 5.0 Pocket PC SDK (ARMV4I)
		{BE51A014-7616-40F2-BA58-450583A5461C}.VOARMV7|Windows Mobile 5.0 Pocket PC SDK (ARMV4I).Deploy.0 = Release|Windows Mobile 5.0 Pocket PC SDK (ARMV4I)
		{66995A51-2A00-48D4-9B71-6BD09CC986D1}.Debug|Pocket PC 2003 (ARMV4).ActiveCfg = Debug|Pocket PC 2003 (ARMV4)
		{66995A51-2A00-48D4-9B71-6BD09CC986D1}.Debug|Pocket PC 2003 (ARMV4).Build.0 = Debug|Pocket PC 2003 (ARMV4)
		{66995A51-2A00-48D4-9B71-6BD09CC986D1}.Debug|Pocket PC 2003 (ARMV4).Deploy.0 = Debug|Pocket PC 2003 (ARMV4)
		{66995A51-2A00-48D4-9B71-6BD09CC986D1}.Debug|Smartphone 2003 (ARMV4).ActiveCfg = Debug|Smartphone 2003 (ARMV4)
		{66995A51-2A00-48D4-9B71-6BD09CC986D1}.Debug|Smartphone 2003 (ARMV4).Build.0 = Debug|Smartphone 2003 (ARMV4)
		{66995A51-2A00-48D4-9B71-6BD09CC986D1}.Debug|Smartphone 2003 (ARMV4).Deploy.0 = Debug|Smartphone 2003 (ARMV4)
		{66995A51-2A00-48D4-9B71-6BD09CC986D1}.Debug|STANDARDSDK_500 (ARMV4I).ActiveCfg = Debug|Smartphone 2003 (ARMV4)
		{66995A51-2A00-48D4-9B71-6BD09CC986D1}.Debug|STANDARDSDK_500 (MIPSII).ActiveCfg = Debug|Smartphone 2003 (ARMV4)
		{66995A51-2A00-48D4-9B71-6BD09CC986D1}.Debug|STANDARDSDK_500 (MIPSII_FP).ActiveCfg = Debug|Smartphone 2003 (ARMV4)
		{66995A51-2A00-48D4-9B71-6BD09CC986D1}.Debug|STANDARDSDK_500 (MIPSIV).ActiveCfg = Debug|Smartphone 2003 (ARMV4)
		{66995A51-2A00-48D4-9B71-6BD09CC986D1}.Debug|STANDARDSDK_500 (MIPSIV_FP).ActiveCfg = Debug|Smartphone 2003 (ARMV4)
		{66995A51-2A00-48D4-9B71-6BD09CC986D1}.Debug|STANDARDSDK_500 (SH4).ActiveCfg = Debug|Smartphone 2003 (ARMV4)
		{66995A51-2A00-48D4-9B71-6BD09CC986D1}.Debug|STANDARDSDK_500 (x86).ActiveCfg = Debug|Smartphone 2003 (ARMV4)
		{66995A51-2A00-48D4-9B71-6BD09CC986D1}.Debug|Win32.ActiveCfg = Debug|Win32
		{66995A51-2A00-48D4-9B71-6BD09CC986D1}.Debug|Win32.Build.0 = Debug|Win32
		{66995A51-2A00-48D4-9B71-6BD09CC986D1}.Debug|Windows Mobile 5.0 Pocket PC SDK (ARMV4I).ActiveCfg = Debug|Windows Mobile 5.0 Pocket PC SDK (ARMV4I)
		{66995A51-2A00-48D4-9B71-6BD09CC986D1}.Debug|Windows Mobile 5.0 Pocket PC SDK (ARMV4I).Build.0 = Debug|Windows Mobile 5.0 Pocket PC SDK (ARMV4I)
		{66995A51-2A00-48D4-9B71-6BD09CC986D1}.Debug|Windows Mobile 5.0 Pocket PC SDK (ARMV4I).Deploy.0 = Debug|Windows Mobile 5.0 Pocket PC SDK (ARMV4I)
		{66995A51-2A00-48D4-9B71-6BD09CC986D1}.Release|Pocket PC 2003 (ARMV4).ActiveCfg = Release|Pocket PC 2003 (ARMV4)
		{66995A51-2A00-48D4-9B71-6BD09CC986D1}.Release|Pocket PC 2003 (ARMV4).Build.0 = Release|Pocket PC 2003 (ARMV4)
		{66995A51-2A00-48D4-9B71-6BD09CC986D1}.Release|Pocket PC 2003 (ARMV4).Deploy.0 = Release|Pocket PC 2003 (ARMV4)
		{66995A51-2A00-48D4-9B71-6BD09CC986D1}.Release|Smartphone 2003 (ARMV4).ActiveCfg = Release|Smartphone 2003 (ARMV4)
		{66995A51-2A00-48D4-9B71-6BD09CC986D1}.Release|Smartphone 2003 (ARMV4).Build.0 = Release|Smartphone 2003 (ARMV4)
		{66995A51-2A00-48D4-9B71-6BD09CC986D1}.Release|Smartphone 2003 (ARMV4).Deploy.0 = Release|Smartphone 2003 (ARMV4)
		{66995A51-2A00-48D4-9B71-6BD09CC986D1}.Release|STANDARDSDK_500 (ARMV4I).ActiveCfg = Release|Smartphone 2003 (ARMV4)
		{66995A51-2A00-48D4-9B71-6BD09CC986D1}.Release|STANDARDSDK_500 (MIPSII).ActiveCfg = Release|Smartphone 2003 (ARMV4)
		{66995A51-2A00-48D4-9B71-6BD09CC986D1}.Release|STANDARDSDK_500 (MIPSII_FP).ActiveCfg = Release|Smartphone 2003 (ARMV4)
		{66995A51-2A00-48D4-9B71-6BD09CC986D1}.Release|STANDARDSDK_500 (MIPSIV).ActiveCfg = Release|Smartphone 2003 (ARMV4)
		{66995A51-2A00-48D4-9B71-6BD09CC986D1}.Release|STANDARDSDK_500 (MIPSIV_FP).ActiveCfg = Release|Smartphone 2003 (ARMV4)
		{66995A51-2A00-48D4-9B71-6BD09CC986D1}.Release|STANDARDSDK_500 (SH4).ActiveCfg = Release|Smartphone 2003 (ARMV4)
		{66995A51-2A00-48D4-9B71-6BD09CC986D1}.Release|STANDARDSDK_500 (x86).ActiveCfg = Release|Smartphone 2003 (ARMV4)
		{66995A51-2A00-48D4-9B71-6BD09CC986D1}.Release|Win32.ActiveCfg = Release|Win32
		{66995A51-2A00-48D4-9B71-6BD09CC986D1}.Release|Win32.Build.0 = Release|Win32
		{66995A51-2A00-48D4-9B71-6BD09CC986D1}.Release|Windows Mobile 5.0 Pocket PC SDK (ARMV4I).ActiveCfg = Release|Windows Mobile 5.0 Pocket PC SDK (ARMV4I)
		{66995A51-2A00-48D4-9B71-6BD09CC986D1}.Release|Windows Mobile 5.0 Pocket PC SDK (ARMV4I).Build.0 = Release|Windows Mobile 5.0 Pocket PC SDK (ARMV4I)
		{66995A51-2A00-48D4-9B71-6BD09CC986D1}.Release|Windows Mobile 5.0 Pocket PC SDK (ARMV4I).Deploy.0 = Release|Windows Mobile 5.0 Pocket PC SDK (ARMV4I)
		{66995A51-2A00-48D4-9B71-6BD09CC986D1}.VOARMV4|Pocket PC 2003 (ARMV4).ActiveCfg = VOARMV4|Pocket PC 2003 (ARMV4)
		{66995A51-2A00-48D4-9B71-6BD09CC986D1}.VOARMV4|Pocket PC 2003 (ARMV4).Build.0 = VOARMV4|Pocket PC 2003 (ARMV4)
		{66995A51-2A00-48D4-9B71-6BD09CC986D1}.VOARMV4|Pocket PC 2003 (ARMV4).Deploy.0 = VOARMV4|Pocket PC 2003 (ARMV4)
		{66995A51-2A00-48D4-9B71-6BD09CC986D1}.VOARMV4|Smartphone 2003 (ARMV4).ActiveCfg = VOARMV4|Smartphone 2003 (ARMV4)
		{66995A51-2A00-48D4-9B71-6BD09CC986D1}.VOARMV4|Smartphone 2003 (ARMV4).Build.0 = VOARMV4|Smartphone 2003 (ARMV4)
		{66995A51-2A00-48D4-9B71-6BD09CC986D1}.VOARMV4|Smartphone 2003 (ARMV4).Deploy.0 = VOARMV4|Smartphone 2003 (ARMV4)
		{66995A51-2A00-48D4-9B71-6BD09CC986D1}.VOARMV4|STANDARDSDK_500 (ARMV4I).ActiveCfg = VOARMV4|Smartphone 2003 (ARMV4)
		{66995A51-2A00-48D4-9B71-6BD09CC986D1}.VOARMV4|STANDARDSDK_500 (MIPSII).ActiveCfg = VOARMV4|Smartphone 2003 (ARMV4)
		{66995A51-2A00-48D4-9B71-6BD09CC986D1}.VOARMV4|STANDARDSDK_500 (MIPSII_FP).ActiveCfg = VOARMV4|Smartphone 2003 (ARMV4)
		{66995A51-2A00-48D4-9B71-6BD09CC986D1}.VOARMV4|STANDARDSDK_500 (MIPSIV).ActiveCfg = VOARMV4|Smartphone 2003 (ARMV4)
		{66995A51-2A00-48D4-9B71-6BD09CC986D1}.VOARMV4|STANDARDSDK_500 (MIPSIV_FP).ActiveCfg = VOARMV4|Smartphone 2003 (ARMV4)
		{66995A51-2A00-48D4-9B71-6BD09CC986D1}.VOARMV4|STANDARDSDK_500 (SH4).ActiveCfg = VOARMV4|Smartphone 2003 (ARMV4)
		{66995A51-2A00-48D4-9B71-6BD09CC986D1}.VOARMV4|STANDARDSDK_500 (x86).ActiveCfg = VOARMV4|Smartphone 2003 (ARMV4)
		{66995A51-2A00-48D4-9B71-6BD09CC986D1}.VOARMV4|Win32.ActiveCfg = VOARMV4|Win32
		{66995A51-2A00-48D4-9B71-6BD09CC986D1}.VOARMV4|Win32.Build.0 = VOARMV4|Win32
		{66995A51-2A00-48D4-9B71-6BD09CC986D1}.VOARMV4|Windows Mobile 5.0 Pocket PC SDK (ARMV4I).ActiveCfg = VOARMV4|Windows Mobile 5.0 Pocket PC SDK (ARMV4I)
		{66995A51-2A00-48D4-9B71-6BD09CC986D1}.VOARMV4|Windows Mobile 5.0 Pocket PC SDK (ARMV4I).Build.0 = VOARMV4|Windows Mobile 5.0 Pocket PC SDK (ARMV4I)
		{66995A51-2A00-48D4-9B71-6BD09CC986D1}.VOARMV4|Windows Mobile 5.0 Pocket PC SDK (ARMV4I).Deploy.0 = VOARMV4|Windows Mobile 5.0 Pocket PC SDK (ARMV4I)
		{66995A51-2A00-48D4-9B71-6BD09CC986D1}.VOARMV6|Pocket PC 2003 (ARMV4).ActiveCfg = VOARMV6|Pocket PC 2003 (ARMV4)
		{66995A51-2A00-48D4-9B71-6BD09CC986D1}.VOARMV6|Pocket PC 2003 (ARMV4).Build.0 = VOARMV6|Pocket PC 2003 (ARMV4)
		{66995A51-2A00-48D4-9B71-6BD09CC986D1}.VOARMV6|Pocket PC 2003 (ARMV4).Deploy.0 = VOARMV6|Pocket PC 2003 (ARMV4)
		{66995A51-2A00-48D4-9B71-6BD09CC986D1}.VOARMV6|Smartphone 2003 (ARMV4).ActiveCfg = VOARMV6|Smartphone 2003 (ARMV4)
		{66995A51-2A00-48D4-9B71-6BD09CC986D1}.VOARMV6|Smartphone 2003 (ARMV4).Build.0 = VOARMV6|Smartphone 2003 (ARMV4)
		{66995A51-2A00-48D4-9B71-6BD09CC986D1}.VOARMV6|Smartphone 2003 (ARMV4).Deploy.0 = VOARMV6|Smartphone 2003 (ARMV4)
		{66995A51-2A00-48D4-9B71-6BD09CC986D1}.VOARMV6|STANDARDSDK_500 (ARMV4I).ActiveCfg = VOARMV6|Smartphone 2003 (ARMV4)
		{66995A51-2A00-48D4-9B71-6BD09CC986D1}.VOARMV6|STANDARDSDK_500 (MIPSII).ActiveCfg = VOARMV6|Smartphone 2003 (ARMV4)
		{66995A51-2A00-48D4-9B71-6BD09CC986D1}.VOARMV6|STANDARDSDK_500 (MIPSII_FP).ActiveCfg = VOARMV6|Smartphone 2003 (ARMV4)
		{66995A51-2A00-48D4-9B71-6BD09CC986D1}.VOARMV6|STANDARDSDK_500 (MIPSIV).ActiveCfg = VOARMV6|Smartphone 2003 (ARMV4)
		{66995A51-2A00-48D4-9B71-6BD09CC986D1}.VOARMV6|STANDARDSDK_500 (MIPSIV_FP).ActiveCfg = VOARMV6|Smartphone 2003 (ARMV4)
		{66995A51-2A00-48D4-9B71-6BD09CC986D1}.VOARMV6|STANDARDSDK_500 (SH4).ActiveCfg = VOARMV6|Smartphone 2003 (ARMV4)
		{66995A51-2A00-48D4-9B71-6BD09CC986D1}.VOARMV6|STANDARDSDK_500 (x86).ActiveCfg = VOARMV6|Smartphone 2003 (ARMV4)
		{66995A51-2A00-48D4-9B71-6BD09CC986D1}.VOARMV6|Win32.ActiveCfg = VOARMV6|Win32
		{66995A51-2A00-48D4-9B71-6BD09CC986D1}.VOARMV6|Win32.Build.0 = VOARMV6|Win32
		{66995A51-2A00-48D4-9B71-6BD09CC986D1}.VOARMV6|Windows Mobile 5.0 Pocket PC SDK (ARMV4I).ActiveCfg = VOARMV6|Windows Mobile 5.0 Pocket PC SDK (ARMV4I)
		{66995A51-2A00-48D4-9B71-6BD09CC986D1}.VOARMV6|Windows Mobile 5.0 Pocket PC SDK (ARMV4I).Build.0 = VOARMV6|Windows Mobile 5.0 Pocket PC SDK (ARMV4I)
		{66995A51-2A00-48D4-9B71-6BD09CC986D1}.VOARMV6|Windows Mobile 5.0 Pocket PC SDK (ARMV4I).Deploy.0 = VOARMV6|Windows Mobile 5.0 Pocket PC SDK (ARMV4I)
		{66995A51-2A00-48D4-9B71-6BD09CC986D1}.VOARMV7_Debug|Pocket PC 2003 (ARMV4).ActiveCfg = VOARMV7_Debug|Pocket PC 2003 (ARMV4)
		{66995A51-2A00-48D4-9B71-6BD09CC986D1}.VOARMV7_Debug|Pocket PC 2003 (ARMV4).Build.0 = VOARMV7_Debug|Pocket PC 2003 (ARMV4)
		{66995A51-2A00-48D4-9B71-6BD09CC986D1}.VOARMV7_Debug|Pocket PC 2003 (ARMV4).Deploy.0 = VOARMV7_Debug|Pocket PC 2003 (ARMV4)
		{66995A51-2A00-48D4-9B71-6BD09CC986D1}.VOARMV7_Debug|Smartphone 2003 (ARMV4).ActiveCfg = VOARMV7_Debug|Smartphone 2003 (ARMV4)
		{66995A51-2A00-48D4-9B71-6BD09CC986D1}.VOARMV7_Debug|Smartphone 2003 (ARMV4).Build.0 = VOARMV7_Debug|Smartphone 2003 (ARMV4)
		{66995A51-2A00-48D4-9B71-6BD09CC986D1}.VOARMV7_Debug|Smartphone 2003 (ARMV4).Deploy.0 = VOARMV7_Debug|Smartphone 2003 (ARMV4)
		{66995A51-2A00-48D4-9B71-6BD09CC986D1}.VOARMV7_Debug|STANDARDSDK_500 (ARMV4I).ActiveCfg = VOARMV7_Debug|Smartphone 2003 (ARMV4)
		{66995A51-2A00-48D4-9B71-6BD09CC986D1}.VOARMV7_Debug|STANDARDSDK_500 (MIPSII).ActiveCfg = VOARMV7_Debug|Smartphone 2003 (ARMV4)
		{66995A51-2A00-48D4-9B71-6BD09CC986D1}.VOARMV7_Debug|STANDARDSDK_500 (MIPSII_FP).ActiveCfg = VOARMV7_Debug|Smartphone 2003 (ARMV4)
		{66995A51-2A00-48D4-9B71-6BD09CC986D1}.VOARMV7_Debug|STANDARDSDK_500 (MIPSIV).ActiveCfg = VOARMV7_Debug|Smartphone 2003 (ARMV4)
		{66995A51-2A00-48D4-9B71-6BD09CC986D1}.VOARMV7_Debug|STANDARDSDK_500 (MIPSIV_FP).ActiveCfg = VOARMV7_Debug|Smartphone 2003 (ARMV4)
		{66995A51-2A00-48D4-9B71-6BD09CC986D1}.VOARMV7_Debug|STANDARDSDK_500 (SH4).ActiveCfg = VOARMV7_Debug|Smartphone 2003 (ARMV4)
		{66995A51-2A00-48D4-9B71-6BD09CC986D1}.VOARMV7_Debug|STANDARDSDK_500 (x86).ActiveCfg = VOARMV7_Debug|Smartphone 2003 (ARMV4)
		{66995A51-2A00-48D4-9B71-6BD09CC986D1}.VOARMV7_Debug|Win32.ActiveCfg = VOARMV7_Debug|Win32
		{66995A51-2A00-48D4-9B71-6BD09CC986D1}.VOARMV7_Debug|Win32.Build.0 = VOARMV7_Debug|Win32
		{66995A51-2A00-48D4-9B71-6BD09CC986D1}.VOARMV7_Debug|Windows Mobile 5.0 Pocket PC SDK (ARMV4I).ActiveCfg = VOARMV7_Debug|Windows Mobile 5.0 Pocket PC SDK (ARMV4I)
		{66995A51-2A00-48D4-9B71-6BD09CC986D1}.VOARMV7_Debug|Windows Mobile 5.0 Pocket PC SDK (ARMV4I).Build.0 = VOARMV7_Debug|Windows Mobile 5.0 Pocket PC SDK (ARMV4I)
		{66995A51-2A00-48D4-9B71-6BD09CC986D1}.VOARMV7_Debug|Windows Mobile 5.0 Pocket PC SDK (ARMV4I).Deploy.0 = VOARMV7_Debug|Windows Mobile 5.0 Pocket PC SDK (ARMV4I)
		{66995A51-2A00-48D4-9B71-6BD09CC986D1}.VOARMV7|Pocket PC 2003 (ARMV4).ActiveCfg = VOARMV7|Pocket PC 2003 (ARMV4)
		{66995A51-2A00-48D4-9B71-6BD09CC986D1}.VOARMV7|Pocket PC 2003 (ARMV4).Build.0 = VOARMV7|Pocket PC 2003 (ARMV4)
		{66995A51-2A00-48D4-9B71-6BD09CC986D1}.VOARMV7|Pocket PC 2003 (ARMV4).Deploy.0 = VOARMV7|Pocket PC 2003 (ARMV4)
		{66995A51-2A00-48D4-9B71-6BD09CC986D1}.VOARMV7|Smartphone 2003 (ARMV4).ActiveCfg = VOARMV7|Smartphone 2003 (ARMV4)
		{66995A51-2A00-48D4-9B71-6BD09CC986D1}.VOARMV7|Smartphone 2003 (ARMV4).Build.0 = VOARMV7|Smartphone 2003 (ARMV4)
		{66995A51-2A00-48D4-9B71-6BD09CC986D1}.VOARMV7|Smartphone 2003 (ARMV4).Deploy.0 = VOARMV7|Smartphone 2003 (ARMV4)
		{66995A51-2A00-48D4-9B71-6BD09CC986D1}.VOARMV7|STANDARDSDK_500 (ARMV4I).ActiveCfg = VOARMV7|Smartphone 2003 (ARMV4)
		{66995A51-2A00-48D4-9B71-6BD09CC986D1}.VOARMV7|STANDARDSDK_500 (MIPSII).ActiveCfg = VOARMV7|Smartphone 2003 (ARMV4)
		{66995A51-2A00-48D4-9B71-6BD09CC986D1}.VOARMV7|STANDARDSDK_500 (MIPSII_FP).ActiveCfg = VOARMV7|Smartphone 2003 (ARMV4)
		{66995A51-2A00-48D4-9B71-6BD09CC986D1}.VOARMV7|STANDARDSDK_500 (MIPSIV).ActiveCfg = VOARMV7|Smartphone 2003 (ARMV4)
		{66995A51-2A00-48D4-9B71-6BD09CC986D1}.VOARMV7|STANDARDSDK_500 (MIPSIV_FP).ActiveCfg = VOARMV7|Smartphone 2003 (ARMV4)
		{66995A51-2A00-48D4-9B71-6BD09CC986D1}.VOARMV7|STANDARDSDK_500 (SH4).ActiveCfg = VOARMV7|Smartphone 2003 (ARMV4)
		{66995A51-2A00-48D4-9B71-6BD09CC986D1}.VOARMV7|STANDARDSDK_500 (x86).ActiveCfg = VOARMV7|Smartphone 2003 (ARMV4)
		{66995A51-2A00-48D4-9B71-6BD09CC986D1}.VOARMV7|Win32.ActiveCfg = VOARMV7|Win32
		{66995A51-2A00-48D4-9B71-6BD09CC986D1}.VOARMV7|Win32.Build.0 = VOARMV7|Win32
		{66995A51-2A00-48D4-9B71-6BD09CC986D1}.VOARMV7|Windows Mobile 5.0 Pocket PC SDK (ARMV4I).ActiveCfg = VOARMV7|Windows Mobile 5.0 Pocket PC SDK (ARMV4I)
		{66995A51-2A00-48D4-9B71-6BD09CC986D1}.VOARMV7|Windows Mobile 5.0 Pocket PC SDK (ARMV4I).Build.0 = VOARMV7|Windows Mobile 5.0 Pocket PC SDK (ARMV4I)
		{66995A51-2A00-48D4-9B71-6BD09CC986D1}.VOARMV7|Windows Mobile 5.0 Pocket PC SDK (ARMV4I).Deploy.0 = VOARMV7|Windows Mobile 5.0 Pocket PC SDK (ARMV4I)
	EndGlobalSection
	GlobalSection(SolutionProperties) = preSolution
		HideSolutionNode = FALSE
	EndGlobalSection
EndGlobal
