
Microsoft Visual Studio Solution File, Format Version 10.00
# Visual Studio 2008
Project("{8BC9CEB8-8B4A-11D0-8D11-00A0C91BC942}") = "voMMRecord", "voMMRecord.vcproj", "{B2549664-F1F6-4B06-9582-D1A0552014A4}"
EndProject
Project("{8BC9CEB8-8B4A-11D0-8D11-00A0C91BC942}") = "testMMRecoder", "..\..\..\..\..\Test\voMMRecorder\Project\Win32\testMMRecoder\testMMRecoder.vcproj", "{D1EF4C48-51DA-4349-84DB-39A29C2A6581}"
EndProject
Global
	GlobalSection(SolutionConfigurationPlatforms) = preSolution
		Debug|Win32 = Debug|Win32
		Release|Win32 = Release|Win32
	EndGlobalSection
	GlobalSection(ProjectConfigurationPlatforms) = postSolution
		{B2549664-F1F6-4B06-9582-D1A0552014A4}.Debug|Win32.ActiveCfg = Debug|Win32
		{B2549664-F1F6-4B06-9582-D1A0552014A4}.Debug|Win32.Build.0 = Debug|Win32
		{B2549664-F1F6-4B06-9582-D1A0552014A4}.Release|Win32.ActiveCfg = Release|Win32
		{B2549664-F1F6-4B06-9582-D1A0552014A4}.Release|Win32.Build.0 = Release|Win32
		{D1EF4C48-51DA-4349-84DB-39A29C2A6581}.Debug|Win32.ActiveCfg = Debug|Win32
		{D1EF4C48-51DA-4349-84DB-39A29C2A6581}.Debug|Win32.Build.0 = Debug|Win32
		{D1EF4C48-51DA-4349-84DB-39A29C2A6581}.Release|Win32.ActiveCfg = Release|Win32
		{D1EF4C48-51DA-4349-84DB-39A29C2A6581}.Release|Win32.Build.0 = Release|Win32
	EndGlobalSection
	GlobalSection(SolutionProperties) = preSolution
		HideSolutionNode = FALSE
	EndGlobalSection
EndGlobal
